// !$*UTF8*$!
{
	archiveVersion = 1;
	classes = {
	};
	objectVersion = 55;
	objects = {

/* Begin PBXBuildFile section */
		096B12382785574900F9955A /* MapCardView.swift in Sources */ = {isa = PBXBuildFile; fileRef = 096B12372785574900F9955A /* MapCardView.swift */; };
		096D7C792785265D003BD13A /* FavClickerView.swift in Sources */ = {isa = PBXBuildFile; fileRef = 096D7C782785265D003BD13A /* FavClickerView.swift */; };
		096D7C7B278537BB003BD13A /* MapView.swift in Sources */ = {isa = PBXBuildFile; fileRef = 096D7C7A278537BB003BD13A /* MapView.swift */; };
		0971D301278286230039ABAB /* TableView.swift in Sources */ = {isa = PBXBuildFile; fileRef = 0971D300278286230039ABAB /* TableView.swift */; };
		0971D3032782C7750039ABAB /* CardView.swift in Sources */ = {isa = PBXBuildFile; fileRef = 0971D3022782C7750039ABAB /* CardView.swift */; };
		097DB6722781977B006E49B7 /* VisiTables_screentestApp.swift in Sources */ = {isa = PBXBuildFile; fileRef = 097DB6712781977B006E49B7 /* VisiTables_screentestApp.swift */; };
		097DB6762781977C006E49B7 /* Assets.xcassets in Resources */ = {isa = PBXBuildFile; fileRef = 097DB6752781977C006E49B7 /* Assets.xcassets */; };
		097DB6792781977C006E49B7 /* Preview Assets.xcassets in Resources */ = {isa = PBXBuildFile; fileRef = 097DB6782781977C006E49B7 /* Preview Assets.xcassets */; };
		097DB680278197F8006E49B7 /* LaunchView.swift in Sources */ = {isa = PBXBuildFile; fileRef = 097DB67F278197F8006E49B7 /* LaunchView.swift */; };
		097DB6822781A170006E49B7 /* HomeTabView.swift in Sources */ = {isa = PBXBuildFile; fileRef = 097DB6812781A170006E49B7 /* HomeTabView.swift */; };
		097DB6842781AC28006E49B7 /* LoginView.swift in Sources */ = {isa = PBXBuildFile; fileRef = 097DB6832781AC28006E49B7 /* LoginView.swift */; };
		097DB6862781AFD7006E49B7 /* SelectAPIEmailView.swift in Sources */ = {isa = PBXBuildFile; fileRef = 097DB6852781AFD7006E49B7 /* SelectAPIEmailView.swift */; };
		097DB6882781B40C006E49B7 /* Filling1View.swift in Sources */ = {isa = PBXBuildFile; fileRef = 097DB6872781B40C006E49B7 /* Filling1View.swift */; };
		097DB68A2781BB86006E49B7 /* Filling2View.swift in Sources */ = {isa = PBXBuildFile; fileRef = 097DB6892781BB86006E49B7 /* Filling2View.swift */; };
		097DB68C2781BE05006E49B7 /* Filling3View.swift in Sources */ = {isa = PBXBuildFile; fileRef = 097DB68B2781BE05006E49B7 /* Filling3View.swift */; };
		097DB68E2781BE83006E49B7 /* Filling4View.swift in Sources */ = {isa = PBXBuildFile; fileRef = 097DB68D2781BE83006E49B7 /* Filling4View.swift */; };
		097DB6902781C9EC006E49B7 /* MyPageView.swift in Sources */ = {isa = PBXBuildFile; fileRef = 097DB68F2781C9EC006E49B7 /* MyPageView.swift */; };
		097DB6922781CA07006E49B7 /* TimelineView.swift in Sources */ = {isa = PBXBuildFile; fileRef = 097DB6912781CA07006E49B7 /* TimelineView.swift */; };
		097DB6942781CA17006E49B7 /* DirectMessageView.swift in Sources */ = {isa = PBXBuildFile; fileRef = 097DB6932781CA17006E49B7 /* DirectMessageView.swift */; };
		097DB6962781D1A1006E49B7 /* SettingsView.swift in Sources */ = {isa = PBXBuildFile; fileRef = 097DB6952781D1A1006E49B7 /* SettingsView.swift */; };
		097DB69C2781D1EC006E49B7 /* PostedListView.swift in Sources */ = {isa = PBXBuildFile; fileRef = 097DB69B2781D1EC006E49B7 /* PostedListView.swift */; };
		097DB69E2781D216006E49B7 /* UnpostedListView.swift in Sources */ = {isa = PBXBuildFile; fileRef = 097DB69D2781D216006E49B7 /* UnpostedListView.swift */; };
		097DB6A12781D2A1006E49B7 /* FavListView.swift in Sources */ = {isa = PBXBuildFile; fileRef = 097DB6A02781D2A1006E49B7 /* FavListView.swift */; };
/* End PBXBuildFile section */

/* Begin PBXFileReference section */
		096B12372785574900F9955A /* MapCardView.swift */ = {isa = PBXFileReference; lastKnownFileType = sourcecode.swift; path = MapCardView.swift; sourceTree = "<group>"; };
		096D7C782785265D003BD13A /* FavClickerView.swift */ = {isa = PBXFileReference; lastKnownFileType = sourcecode.swift; path = FavClickerView.swift; sourceTree = "<group>"; };
		096D7C7A278537BB003BD13A /* MapView.swift */ = {isa = PBXFileReference; lastKnownFileType = sourcecode.swift; path = MapView.swift; sourceTree = "<group>"; };
		0971D300278286230039ABAB /* TableView.swift */ = {isa = PBXFileReference; lastKnownFileType = sourcecode.swift; path = TableView.swift; sourceTree = "<group>"; };
		0971D3022782C7750039ABAB /* CardView.swift */ = {isa = PBXFileReference; lastKnownFileType = sourcecode.swift; path = CardView.swift; sourceTree = "<group>"; };
		097DB66E2781977B006E49B7 /* VisiTables_screentest.app */ = {isa = PBXFileReference; explicitFileType = wrapper.application; includeInIndex = 0; path = VisiTables_screentest.app; sourceTree = BUILT_PRODUCTS_DIR; };
		097DB6712781977B006E49B7 /* VisiTables_screentestApp.swift */ = {isa = PBXFileReference; lastKnownFileType = sourcecode.swift; path = VisiTables_screentestApp.swift; sourceTree = "<group>"; };
		097DB6752781977C006E49B7 /* Assets.xcassets */ = {isa = PBXFileReference; lastKnownFileType = folder.assetcatalog; path = Assets.xcassets; sourceTree = "<group>"; };
		097DB6782781977C006E49B7 /* Preview Assets.xcassets */ = {isa = PBXFileReference; lastKnownFileType = folder.assetcatalog; path = "Preview Assets.xcassets"; sourceTree = "<group>"; };
		097DB67F278197F8006E49B7 /* LaunchView.swift */ = {isa = PBXFileReference; lastKnownFileType = sourcecode.swift; path = LaunchView.swift; sourceTree = "<group>"; };
		097DB6812781A170006E49B7 /* HomeTabView.swift */ = {isa = PBXFileReference; lastKnownFileType = sourcecode.swift; path = HomeTabView.swift; sourceTree = "<group>"; };
		097DB6832781AC28006E49B7 /* LoginView.swift */ = {isa = PBXFileReference; lastKnownFileType = sourcecode.swift; path = LoginView.swift; sourceTree = "<group>"; };
		097DB6852781AFD7006E49B7 /* SelectAPIEmailView.swift */ = {isa = PBXFileReference; lastKnownFileType = sourcecode.swift; path = SelectAPIEmailView.swift; sourceTree = "<group>"; };
		097DB6872781B40C006E49B7 /* Filling1View.swift */ = {isa = PBXFileReference; lastKnownFileType = sourcecode.swift; path = Filling1View.swift; sourceTree = "<group>"; };
		097DB6892781BB86006E49B7 /* Filling2View.swift */ = {isa = PBXFileReference; lastKnownFileType = sourcecode.swift; path = Filling2View.swift; sourceTree = "<group>"; };
		097DB68B2781BE05006E49B7 /* Filling3View.swift */ = {isa = PBXFileReference; lastKnownFileType = sourcecode.swift; path = Filling3View.swift; sourceTree = "<group>"; };
		097DB68D2781BE83006E49B7 /* Filling4View.swift */ = {isa = PBXFileReference; lastKnownFileType = sourcecode.swift; path = Filling4View.swift; sourceTree = "<group>"; };
		097DB68F2781C9EC006E49B7 /* MyPageView.swift */ = {isa = PBXFileReference; lastKnownFileType = sourcecode.swift; path = MyPageView.swift; sourceTree = "<group>"; };
		097DB6912781CA07006E49B7 /* TimelineView.swift */ = {isa = PBXFileReference; lastKnownFileType = sourcecode.swift; path = TimelineView.swift; sourceTree = "<group>"; };
		097DB6932781CA17006E49B7 /* DirectMessageView.swift */ = {isa = PBXFileReference; lastKnownFileType = sourcecode.swift; path = DirectMessageView.swift; sourceTree = "<group>"; };
		097DB6952781D1A1006E49B7 /* SettingsView.swift */ = {isa = PBXFileReference; lastKnownFileType = sourcecode.swift; path = SettingsView.swift; sourceTree = "<group>"; };
		097DB69B2781D1EC006E49B7 /* PostedListView.swift */ = {isa = PBXFileReference; lastKnownFileType = sourcecode.swift; path = PostedListView.swift; sourceTree = "<group>"; };
		097DB69D2781D216006E49B7 /* UnpostedListView.swift */ = {isa = PBXFileReference; lastKnownFileType = sourcecode.swift; path = UnpostedListView.swift; sourceTree = "<group>"; };
		097DB6A02781D2A1006E49B7 /* FavListView.swift */ = {isa = PBXFileReference; lastKnownFileType = sourcecode.swift; path = FavListView.swift; sourceTree = "<group>"; };
/* End PBXFileReference section */

/* Begin PBXFrameworksBuildPhase section */
		097DB66B2781977B006E49B7 /* Frameworks */ = {
			isa = PBXFrameworksBuildPhase;
			buildActionMask = 2147483647;
			files = (
			);
			runOnlyForDeploymentPostprocessing = 0;
		};
/* End PBXFrameworksBuildPhase section */

/* Begin PBXGroup section */
		097DB6652781977B006E49B7 = {
			isa = PBXGroup;
			children = (
				097DB6702781977B006E49B7 /* VisiTables_screentest */,
				097DB66F2781977B006E49B7 /* Products */,
			);
			sourceTree = "<group>";
		};
		097DB66F2781977B006E49B7 /* Products */ = {
			isa = PBXGroup;
			children = (
				097DB66E2781977B006E49B7 /* VisiTables_screentest.app */,
			);
			name = Products;
			sourceTree = "<group>";
		};
		097DB6702781977B006E49B7 /* VisiTables_screentest */ = {
			isa = PBXGroup;
			children = (
				097DB6712781977B006E49B7 /* VisiTables_screentestApp.swift */,
				097DB67F278197F8006E49B7 /* LaunchView.swift */,
				097DB6812781A170006E49B7 /* HomeTabView.swift */,
				097DB68F2781C9EC006E49B7 /* MyPageView.swift */,
				097DB6912781CA07006E49B7 /* TimelineView.swift */,
				097DB6932781CA17006E49B7 /* DirectMessageView.swift */,
				097DB6952781D1A1006E49B7 /* SettingsView.swift */,
				097DB69B2781D1EC006E49B7 /* PostedListView.swift */,
				0971D300278286230039ABAB /* TableView.swift */,
				0971D3022782C7750039ABAB /* CardView.swift */,
				097DB69D2781D216006E49B7 /* UnpostedListView.swift */,
				097DB6A02781D2A1006E49B7 /* FavListView.swift */,
				096D7C782785265D003BD13A /* FavClickerView.swift */,
				096D7C7A278537BB003BD13A /* MapView.swift */,
				096B12372785574900F9955A /* MapCardView.swift */,
				097DB69F2781D21C006E49B7 /* Login */,
				097DB6752781977C006E49B7 /* Assets.xcassets */,
				097DB6772781977C006E49B7 /* Preview Content */,
			);
			path = VisiTables_screentest;
			sourceTree = "<group>";
		};
		097DB6772781977C006E49B7 /* Preview Content */ = {
			isa = PBXGroup;
			children = (
				097DB6782781977C006E49B7 /* Preview Assets.xcassets */,
			);
			path = "Preview Content";
			sourceTree = "<group>";
		};
		097DB69F2781D21C006E49B7 /* Login */ = {
			isa = PBXGroup;
			children = (
				097DB6832781AC28006E49B7 /* LoginView.swift */,
				097DB6852781AFD7006E49B7 /* SelectAPIEmailView.swift */,
				097DB6872781B40C006E49B7 /* Filling1View.swift */,
				097DB6892781BB86006E49B7 /* Filling2View.swift */,
				097DB68B2781BE05006E49B7 /* Filling3View.swift */,
				097DB68D2781BE83006E49B7 /* Filling4View.swift */,
			);
			path = Login;
			sourceTree = "<group>";
		};
/* End PBXGroup section */

/* Begin PBXNativeTarget section */
		097DB66D2781977B006E49B7 /* VisiTables_screentest */ = {
			isa = PBXNativeTarget;
			buildConfigurationList = 097DB67C2781977C006E49B7 /* Build configuration list for PBXNativeTarget "VisiTables_screentest" */;
			buildPhases = (
				097DB66A2781977B006E49B7 /* Sources */,
				097DB66B2781977B006E49B7 /* Frameworks */,
				097DB66C2781977B006E49B7 /* Resources */,
			);
			buildRules = (
			);
			dependencies = (
			);
			name = VisiTables_screentest;
			productName = VisiTables_screentest;
			productReference = 097DB66E2781977B006E49B7 /* VisiTables_screentest.app */;
			productType = "com.apple.product-type.application";
		};
/* End PBXNativeTarget section */

/* Begin PBXProject section */
		097DB6662781977B006E49B7 /* Project object */ = {
			isa = PBXProject;
			attributes = {
				BuildIndependentTargetsInParallel = 1;
				LastSwiftUpdateCheck = 1300;
				LastUpgradeCheck = 1300;
				TargetAttributes = {
					097DB66D2781977B006E49B7 = {
						CreatedOnToolsVersion = 13.0;
					};
				};
			};
			buildConfigurationList = 097DB6692781977B006E49B7 /* Build configuration list for PBXProject "VisiTables_screentest" */;
			compatibilityVersion = "Xcode 13.0";
			developmentRegion = en;
			hasScannedForEncodings = 0;
			knownRegions = (
				en,
				Base,
			);
			mainGroup = 097DB6652781977B006E49B7;
			productRefGroup = 097DB66F2781977B006E49B7 /* Products */;
			projectDirPath = "";
			projectRoot = "";
			targets = (
				097DB66D2781977B006E49B7 /* VisiTables_screentest */,
			);
		};
/* End PBXProject section */

/* Begin PBXResourcesBuildPhase section */
		097DB66C2781977B006E49B7 /* Resources */ = {
			isa = PBXResourcesBuildPhase;
			buildActionMask = 2147483647;
			files = (
				097DB6792781977C006E49B7 /* Preview Assets.xcassets in Resources */,
				097DB6762781977C006E49B7 /* Assets.xcassets in Resources */,
			);
			runOnlyForDeploymentPostprocessing = 0;
		};
/* End PBXResourcesBuildPhase section */

/* Begin PBXSourcesBuildPhase section */
		097DB66A2781977B006E49B7 /* Sources */ = {
			isa = PBXSourcesBuildPhase;
			buildActionMask = 2147483647;
			files = (
				097DB6A12781D2A1006E49B7 /* FavListView.swift in Sources */,
				097DB68C2781BE05006E49B7 /* Filling3View.swift in Sources */,
				097DB6942781CA17006E49B7 /* DirectMessageView.swift in Sources */,
				097DB68E2781BE83006E49B7 /* Filling4View.swift in Sources */,
				097DB6822781A170006E49B7 /* HomeTabView.swift in Sources */,
				096B12382785574900F9955A /* MapCardView.swift in Sources */,
				097DB680278197F8006E49B7 /* LaunchView.swift in Sources */,
				097DB6842781AC28006E49B7 /* LoginView.swift in Sources */,
				097DB6922781CA07006E49B7 /* TimelineView.swift in Sources */,
				097DB68A2781BB86006E49B7 /* Filling2View.swift in Sources */,
				097DB6862781AFD7006E49B7 /* SelectAPIEmailView.swift in Sources */,
				0971D3032782C7750039ABAB /* CardView.swift in Sources */,
				097DB6902781C9EC006E49B7 /* MyPageView.swift in Sources */,
				097DB6882781B40C006E49B7 /* Filling1View.swift in Sources */,
				0971D301278286230039ABAB /* TableView.swift in Sources */,
				097DB6722781977B006E49B7 /* VisiTables_screentestApp.swift in Sources */,
				097DB69E2781D216006E49B7 /* UnpostedListView.swift in Sources */,
				097DB69C2781D1EC006E49B7 /* PostedListView.swift in Sources */,
				096D7C7B278537BB003BD13A /* MapView.swift in Sources */,
				097DB6962781D1A1006E49B7 /* SettingsView.swift in Sources */,
				096D7C792785265D003BD13A /* FavClickerView.swift in Sources */,
			);
			runOnlyForDeploymentPostprocessing = 0;
		};
/* End PBXSourcesBuildPhase section */

/* Begin XCBuildConfiguration section */
		097DB67A2781977C006E49B7 /* Debug */ = {
			isa = XCBuildConfiguration;
			buildSettings = {
				ALWAYS_SEARCH_USER_PATHS = NO;
				CLANG_ANALYZER_NONNULL = YES;
				CLANG_ANALYZER_NUMBER_OBJECT_CONVERSION = YES_AGGRESSIVE;
				CLANG_CXX_LANGUAGE_STANDARD = "gnu++17";
				CLANG_CXX_LIBRARY = "libc++";
				CLANG_ENABLE_MODULES = YES;
				CLANG_ENABLE_OBJC_ARC = YES;
				CLANG_ENABLE_OBJC_WEAK = YES;
				CLANG_WARN_BLOCK_CAPTURE_AUTORELEASING = YES;
				CLANG_WARN_BOOL_CONVERSION = YES;
				CLANG_WARN_COMMA = YES;
				CLANG_WARN_CONSTANT_CONVERSION = YES;
				CLANG_WARN_DEPRECATED_OBJC_IMPLEMENTATIONS = YES;
				CLANG_WARN_DIRECT_OBJC_ISA_USAGE = YES_ERROR;
				CLANG_WARN_DOCUMENTATION_COMMENTS = YES;
				CLANG_WARN_EMPTY_BODY = YES;
				CLANG_WARN_ENUM_CONVERSION = YES;
				CLANG_WARN_INFINITE_RECURSION = YES;
				CLANG_WARN_INT_CONVERSION = YES;
				CLANG_WARN_NON_LITERAL_NULL_CONVERSION = YES;
				CLANG_WARN_OBJC_IMPLICIT_RETAIN_SELF = YES;
				CLANG_WARN_OBJC_LITERAL_CONVERSION = YES;
				CLANG_WARN_OBJC_ROOT_CLASS = YES_ERROR;
				CLANG_WARN_QUOTED_INCLUDE_IN_FRAMEWORK_HEADER = YES;
				CLANG_WARN_RANGE_LOOP_ANALYSIS = YES;
				CLANG_WARN_STRICT_PROTOTYPES = YES;
				CLANG_WARN_SUSPICIOUS_MOVE = YES;
				CLANG_WARN_UNGUARDED_AVAILABILITY = YES_AGGRESSIVE;
				CLANG_WARN_UNREACHABLE_CODE = YES;
				CLANG_WARN__DUPLICATE_METHOD_MATCH = YES;
				COPY_PHASE_STRIP = NO;
				DEBUG_INFORMATION_FORMAT = dwarf;
				ENABLE_STRICT_OBJC_MSGSEND = YES;
				ENABLE_TESTABILITY = YES;
				GCC_C_LANGUAGE_STANDARD = gnu11;
				GCC_DYNAMIC_NO_PIC = NO;
				GCC_NO_COMMON_BLOCKS = YES;
				GCC_OPTIMIZATION_LEVEL = 0;
				GCC_PREPROCESSOR_DEFINITIONS = (
					"DEBUG=1",
					"$(inherited)",
				);
				GCC_WARN_64_TO_32_BIT_CONVERSION = YES;
				GCC_WARN_ABOUT_RETURN_TYPE = YES_ERROR;
				GCC_WARN_UNDECLARED_SELECTOR = YES;
				GCC_WARN_UNINITIALIZED_AUTOS = YES_AGGRESSIVE;
				GCC_WARN_UNUSED_FUNCTION = YES;
				GCC_WARN_UNUSED_VARIABLE = YES;
				IPHONEOS_DEPLOYMENT_TARGET = 15.0;
				MTL_ENABLE_DEBUG_INFO = INCLUDE_SOURCE;
				MTL_FAST_MATH = YES;
				ONLY_ACTIVE_ARCH = YES;
				SDKROOT = iphoneos;
				SWIFT_ACTIVE_COMPILATION_CONDITIONS = DEBUG;
				SWIFT_OPTIMIZATION_LEVEL = "-Onone";
			};
			name = Debug;
		};
		097DB67B2781977C006E49B7 /* Release */ = {
			isa = XCBuildConfiguration;
			buildSettings = {
				ALWAYS_SEARCH_USER_PATHS = NO;
				CLANG_ANALYZER_NONNULL = YES;
				CLANG_ANALYZER_NUMBER_OBJECT_CONVERSION = YES_AGGRESSIVE;
				CLANG_CXX_LANGUAGE_STANDARD = "gnu++17";
				CLANG_CXX_LIBRARY = "libc++";
				CLANG_ENABLE_MODULES = YES;
				CLANG_ENABLE_OBJC_ARC = YES;
				CLANG_ENABLE_OBJC_WEAK = YES;
				CLANG_WARN_BLOCK_CAPTURE_AUTORELEASING = YES;
				CLANG_WARN_BOOL_CONVERSION = YES;
				CLANG_WARN_COMMA = YES;
				CLANG_WARN_CONSTANT_CONVERSION = YES;
				CLANG_WARN_DEPRECATED_OBJC_IMPLEMENTATIONS = YES;
				CLANG_WARN_DIRECT_OBJC_ISA_USAGE = YES_ERROR;
				CLANG_WARN_DOCUMENTATION_COMMENTS = YES;
				CLANG_WARN_EMPTY_BODY = YES;
				CLANG_WARN_ENUM_CONVERSION = YES;
				CLANG_WARN_INFINITE_RECURSION = YES;
				CLANG_WARN_INT_CONVERSION = YES;
				CLANG_WARN_NON_LITERAL_NULL_CONVERSION = YES;
				CLANG_WARN_OBJC_IMPLICIT_RETAIN_SELF = YES;
				CLANG_WARN_OBJC_LITERAL_CONVERSION = YES;
				CLANG_WARN_OBJC_ROOT_CLASS = YES_ERROR;
				CLANG_WARN_QUOTED_INCLUDE_IN_FRAMEWORK_HEADER = YES;
				CLANG_WARN_RANGE_LOOP_ANALYSIS = YES;
				CLANG_WARN_STRICT_PROTOTYPES = YES;
				CLANG_WARN_SUSPICIOUS_MOVE = YES;
				CLANG_WARN_UNGUARDED_AVAILABILITY = YES_AGGRESSIVE;
				CLANG_WARN_UNREACHABLE_CODE = YES;
				CLANG_WARN__DUPLICATE_METHOD_MATCH = YES;
				COPY_PHASE_STRIP = NO;
				DEBUG_INFORMATION_FORMAT = "dwarf-with-dsym";
				ENABLE_NS_ASSERTIONS = NO;
				ENABLE_STRICT_OBJC_MSGSEND = YES;
				GCC_C_LANGUAGE_STANDARD = gnu11;
				GCC_NO_COMMON_BLOCKS = YES;
				GCC_WARN_64_TO_32_BIT_CONVERSION = YES;
				GCC_WARN_ABOUT_RETURN_TYPE = YES_ERROR;
				GCC_WARN_UNDECLARED_SELECTOR = YES;
				GCC_WARN_UNINITIALIZED_AUTOS = YES_AGGRESSIVE;
				GCC_WARN_UNUSED_FUNCTION = YES;
				GCC_WARN_UNUSED_VARIABLE = YES;
				IPHONEOS_DEPLOYMENT_TARGET = 15.0;
				MTL_ENABLE_DEBUG_INFO = NO;
				MTL_FAST_MATH = YES;
				SDKROOT = iphoneos;
				SWIFT_COMPILATION_MODE = wholemodule;
				SWIFT_OPTIMIZATION_LEVEL = "-O";
				VALIDATE_PRODUCT = YES;
			};
			name = Release;
		};
		097DB67D2781977C006E49B7 /* Debug */ = {
			isa = XCBuildConfiguration;
			buildSettings = {
				ASSETCATALOG_COMPILER_APPICON_NAME = AppIcon;
				ASSETCATALOG_COMPILER_GLOBAL_ACCENT_COLOR_NAME = AccentColor;
				CODE_SIGN_STYLE = Automatic;
				CURRENT_PROJECT_VERSION = 1;
				DEVELOPMENT_ASSET_PATHS = "\"VisiTables_screentest/Preview Content\"";
				DEVELOPMENT_TEAM = PZNB79HCNW;
				ENABLE_PREVIEWS = YES;
				GENERATE_INFOPLIST_FILE = YES;
				INFOPLIST_KEY_UIApplicationSceneManifest_Generation = YES;
				INFOPLIST_KEY_UIApplicationSupportsIndirectInputEvents = YES;
				INFOPLIST_KEY_UILaunchScreen_Generation = YES;
				INFOPLIST_KEY_UISupportedInterfaceOrientations_iPad = "UIInterfaceOrientationPortrait UIInterfaceOrientationPortraitUpsideDown UIInterfaceOrientationLandscapeLeft UIInterfaceOrientationLandscapeRight";
				INFOPLIST_KEY_UISupportedInterfaceOrientations_iPhone = "UIInterfaceOrientationPortrait UIInterfaceOrientationLandscapeLeft UIInterfaceOrientationLandscapeRight";
				INFOPLIST_KEY_UIUserInterfaceStyle = Light;
				IPHONEOS_DEPLOYMENT_TARGET = 14.0;
				LD_RUNPATH_SEARCH_PATHS = (
					"$(inherited)",
					"@executable_path/Frameworks",
				);
				MARKETING_VERSION = 1.0;
				PRODUCT_BUNDLE_IDENTIFIER = "com.icloud.visitables-admin.VisiTables-screentest";
				PRODUCT_NAME = "$(TARGET_NAME)";
				SWIFT_EMIT_LOC_STRINGS = YES;
				SWIFT_VERSION = 5.0;
				TARGETED_DEVICE_FAMILY = "1,2";
			};
			name = Debug;
		};
		097DB67E2781977C006E49B7 /* Release */ = {
			isa = XCBuildConfiguration;
			buildSettings = {
				ASSETCATALOG_COMPILER_APPICON_NAME = AppIcon;
				ASSETCATALOG_COMPILER_GLOBAL_ACCENT_COLOR_NAME = AccentColor;
				CODE_SIGN_STYLE = Automatic;
				CURRENT_PROJECT_VERSION = 1;
				DEVELOPMENT_ASSET_PATHS = "\"VisiTables_screentest/Preview Content\"";
				DEVELOPMENT_TEAM = PZNB79HCNW;
				ENABLE_PREVIEWS = YES;
				GENERATE_INFOPLIST_FILE = YES;
				INFOPLIST_KEY_UIApplicationSceneManifest_Generation = YES;
				INFOPLIST_KEY_UIApplicationSupportsIndirectInputEvents = YES;
				INFOPLIST_KEY_UILaunchScreen_Generation = YES;
				INFOPLIST_KEY_UISupportedInterfaceOrientations_iPad = "UIInterfaceOrientationPortrait UIInterfaceOrientationPortraitUpsideDown UIInterfaceOrientationLandscapeLeft UIInterfaceOrientationLandscapeRight";
				INFOPLIST_KEY_UISupportedInterfaceOrientations_iPhone = "UIInterfaceOrientationPortrait UIInterfaceOrientationLandscapeLeft UIInterfaceOrientationLandscapeRight";
				INFOPLIST_KEY_UIUserInterfaceStyle = Light;
				IPHONEOS_DEPLOYMENT_TARGET = 14.0;
				LD_RUNPATH_SEARCH_PATHS = (
					"$(inherited)",
					"@executable_path/Frameworks",
				);
				MARKETING_VERSION = 1.0;
				PRODUCT_BUNDLE_IDENTIFIER = "com.icloud.visitables-admin.VisiTables-screentest";
				PRODUCT_NAME = "$(TARGET_NAME)";
				SWIFT_EMIT_LOC_STRINGS = YES;
				SWIFT_VERSION = 5.0;
				TARGETED_DEVICE_FAMILY = "1,2";
			};
			name = Release;
		};
/* End XCBuildConfiguration section */

/* Begin XCConfigurationList section */
		097DB6692781977B006E49B7 /* Build configuration list for PBXProject "VisiTables_screentest" */ = {
			isa = XCConfigurationList;
			buildConfigurations = (
				097DB67A2781977C006E49B7 /* Debug */,
				097DB67B2781977C006E49B7 /* Release */,
			);
			defaultConfigurationIsVisible = 0;
			defaultConfigurationName = Release;
		};
		097DB67C2781977C006E49B7 /* Build configuration list for PBXNativeTarget "VisiTables_screentest" */ = {
			isa = XCConfigurationList;
			buildConfigurations = (
				097DB67D2781977C006E49B7 /* Debug */,
				097DB67E2781977C006E49B7 /* Release */,
			);
			defaultConfigurationIsVisible = 0;
			defaultConfigurationName = Release;
		};
/* End XCConfigurationList section */
	};
	rootObject = 097DB6662781977B006E49B7 /* Project object */;
}
